
Microsoft Visual Studio Solution File, Format Version 12.00
# Visual Studio Version 16
VisualStudioVersion = 16.0.32929.386
MinimumVisualStudioVersion = 10.0.40219.1
Project("{FAE04EC0-301F-11D3-BF4B-00C04F79EFBC}") = "chambita", "chambita\chambita.csproj", "{C0053FDC-586C-4C4E-8394-6CA5F6AA98BB}"
EndProject
Project("{FAE04EC0-301F-11D3-BF4B-00C04F79EFBC}") = "CarreraAuto", "CarreraAuto\CarreraAuto.csproj", "{FB1021B0-1EEC-4241-9984-48E2E2857B1A}"
EndProject
Project("{FAE04EC0-301F-11D3-BF4B-00C04F79EFBC}") = "Musica", "Musica\Musica.csproj", "{90552852-FB0E-4198-9014-B4761BF6A425}"
EndProject
Project("{FAE04EC0-301F-11D3-BF4B-00C04F79EFBC}") = "ArregloSemana", "ArregloSemana\ArregloSemana.csproj", "{A3BB7F72-2B7D-44C2-B288-5D22C67A41E7}"
EndProject
Project("{FAE04EC0-301F-11D3-BF4B-00C04F79EFBC}") = "GeneradorNombres", "GeneradorNombres\GeneradorNombres.csproj", "{3A6616C8-BD47-4036-A3FB-DB097790DBD1}"
EndProject
Global
	GlobalSection(SolutionConfigurationPlatforms) = preSolution
		Debug|Any CPU = Debug|Any CPU
		Release|Any CPU = Release|Any CPU
	EndGlobalSection
	GlobalSection(ProjectConfigurationPlatforms) = postSolution
		{C0053FDC-586C-4C4E-8394-6CA5F6AA98BB}.Debug|Any CPU.ActiveCfg = Debug|Any CPU
		{C0053FDC-586C-4C4E-8394-6CA5F6AA98BB}.Debug|Any CPU.Build.0 = Debug|Any CPU
		{C0053FDC-586C-4C4E-8394-6CA5F6AA98BB}.Release|Any CPU.ActiveCfg = Release|Any CPU
		{C0053FDC-586C-4C4E-8394-6CA5F6AA98BB}.Release|Any CPU.Build.0 = Release|Any CPU
		{FB1021B0-1EEC-4241-9984-48E2E2857B1A}.Debug|Any CPU.ActiveCfg = Debug|Any CPU
		{FB1021B0-1EEC-4241-9984-48E2E2857B1A}.Debug|Any CPU.Build.0 = Debug|Any CPU
		{FB1021B0-1EEC-4241-9984-48E2E2857B1A}.Release|Any CPU.ActiveCfg = Release|Any CPU
		{FB1021B0-1EEC-4241-9984-48E2E2857B1A}.Release|Any CPU.Build.0 = Release|Any CPU
		{90552852-FB0E-4198-9014-B4761BF6A425}.Debug|Any CPU.ActiveCfg = Debug|Any CPU
		{90552852-FB0E-4198-9014-B4761BF6A425}.Debug|Any CPU.Build.0 = Debug|Any CPU
		{90552852-FB0E-4198-9014-B4761BF6A425}.Release|Any CPU.ActiveCfg = Release|Any CPU
		{90552852-FB0E-4198-9014-B4761BF6A425}.Release|Any CPU.Build.0 = Release|Any CPU
		{A3BB7F72-2B7D-44C2-B288-5D22C67A41E7}.Debug|Any CPU.ActiveCfg = Debug|Any CPU
		{A3BB7F72-2B7D-44C2-B288-5D22C67A41E7}.Debug|Any CPU.Build.0 = Debug|Any CPU
		{A3BB7F72-2B7D-44C2-B288-5D22C67A41E7}.Release|Any CPU.ActiveCfg = Release|Any CPU
		{A3BB7F72-2B7D-44C2-B288-5D22C67A41E7}.Release|Any CPU.Build.0 = Release|Any CPU
		{3A6616C8-BD47-4036-A3FB-DB097790DBD1}.Debug|Any CPU.ActiveCfg = Debug|Any CPU
		{3A6616C8-BD47-4036-A3FB-DB097790DBD1}.Debug|Any CPU.Build.0 = Debug|Any CPU
		{3A6616C8-BD47-4036-A3FB-DB097790DBD1}.Release|Any CPU.ActiveCfg = Release|Any CPU
		{3A6616C8-BD47-4036-A3FB-DB097790DBD1}.Release|Any CPU.Build.0 = Release|Any CPU
	EndGlobalSection
	GlobalSection(SolutionProperties) = preSolution
		HideSolutionNode = FALSE
	EndGlobalSection
	GlobalSection(ExtensibilityGlobals) = postSolution
		SolutionGuid = {F0F467F9-7B2D-43EC-A531-183036886343}
	EndGlobalSection
EndGlobal
